Microsoft Visual Studio Solution File, Format Version 12.00
# Visual Studio Version 16
VisualStudioVersion = 16.0.0.0
MinimumVisualStudioVersion = 16.0.0.0
Project("{9A19103F-16F7-4668-BE54-9A1E7A4F7556}") = "MudBlazorTemplate22", "MudBlazorTemplate22\MudBlazorTemplate22.csproj", "{2AD554A8-5C43-4066-87BF-9B891F45AFC7}"
EndProject
Project("{9A19103F-16F7-4668-BE54-9A1E7A4F7556}") = "MudBlazorTemplate22.Client", "MudBlazorTemplate22.Client\MudBlazorTemplate22.Client.csproj", "{59DDE7EE-687D-4687-BACB-DD7C7580CD7A}"
EndProject
Global
	GlobalSection(SolutionConfigurationPlatforms) = preSolution
		Debug|Any CPU = Debug|Any CPU
		Debug|x64 = Debug|x64
		Debug|x86 = Debug|x86
		Release|Any CPU = Release|Any CPU
		Release|x64 = Release|x64
		Release|x86 = Release|x86
	EndGlobalSection
	GlobalSection(ProjectConfigurationPlatforms) = postSolution
		{59DDE7EE-687D-4687-BACB-DD7C7580CD7A}.Debug|Any CPU.ActiveCfg = Debug|Any CPU
		{59DDE7EE-687D-4687-BACB-DD7C7580CD7A}.Debug|Any CPU.Build.0 = Debug|Any CPU
		{59DDE7EE-687D-4687-BACB-DD7C7580CD7A}.Debug|x64.ActiveCfg = Debug|Any CPU
		{59DDE7EE-687D-4687-BACB-DD7C7580CD7A}.Debug|x64.Build.0 = Debug|Any CPU
		{59DDE7EE-687D-4687-BACB-DD7C7580CD7A}.Debug|x86.ActiveCfg = Debug|Any CPU
		{59DDE7EE-687D-4687-BACB-DD7C7580CD7A}.Debug|x86.Build.0 = Debug|Any CPU
		{59DDE7EE-687D-4687-BACB-DD7C7580CD7A}.Release|Any CPU.ActiveCfg = Release|Any CPU
		{59DDE7EE-687D-4687-BACB-DD7C7580CD7A}.Release|Any CPU.Build.0 = Release|Any CPU
		{59DDE7EE-687D-4687-BACB-DD7C7580CD7A}.Release|x64.ActiveCfg = Release|Any CPU
		{59DDE7EE-687D-4687-BACB-DD7C7580CD7A}.Release|x64.Build.0 = Release|Any CPU
		{59DDE7EE-687D-4687-BACB-DD7C7580CD7A}.Release|x86.ActiveCfg = Release|Any CPU
		{59DDE7EE-687D-4687-BACB-DD7C7580CD7A}.Release|x86.Build.0 = Release|Any CPU
		{2AD554A8-5C43-4066-87BF-9B891F45AFC7}.Debug|Any CPU.ActiveCfg = Debug|Any CPU
		{2AD554A8-5C43-4066-87BF-9B891F45AFC7}.Debug|Any CPU.Build.0 = Debug|Any CPU
		{2AD554A8-5C43-4066-87BF-9B891F45AFC7}.Debug|x64.ActiveCfg = Debug|Any CPU
		{2AD554A8-5C43-4066-87BF-9B891F45AFC7}.Debug|x64.Build.0 = Debug|Any CPU
		{2AD554A8-5C43-4066-87BF-9B891F45AFC7}.Debug|x86.ActiveCfg = Debug|Any CPU
		{2AD554A8-5C43-4066-87BF-9B891F45AFC7}.Debug|x86.Build.0 = Debug|Any CPU
		{2AD554A8-5C43-4066-87BF-9B891F45AFC7}.Release|Any CPU.ActiveCfg = Release|Any CPU
		{2AD554A8-5C43-4066-87BF-9B891F45AFC7}.Release|Any CPU.Build.0 = Release|Any CPU
		{2AD554A8-5C43-4066-87BF-9B891F45AFC7}.Release|x64.ActiveCfg = Release|Any CPU
		{2AD554A8-5C43-4066-87BF-9B891F45AFC7}.Release|x64.Build.0 = Release|Any CPU
		{2AD554A8-5C43-4066-87BF-9B891F45AFC7}.Release|x86.ActiveCfg = Release|Any CPU
		{2AD554A8-5C43-4066-87BF-9B891F45AFC7}.Release|x86.Build.0 = Release|Any CPU
	EndGlobalSection
	GlobalSection(SolutionProperties) = preSolution
		HideSolutionNode = FALSE
	EndGlobalSection
	GlobalSection(ExtensibilityGlobals) = postSolution
		SolutionGuid = {B8107BB0-0234-457E-8411-52A8CFF0EE81}
	EndGlobalSection
EndGlobal
